
Microsoft Visual Studio Solution File, Format Version 12.00
# Visual Studio 15
VisualStudioVersion = 15.0.28307.1705
MinimumVisualStudioVersion = 10.0.40219.1
Project("{8BC9CEB8-8B4A-11D0-8D11-00A0C91BC942}") = "p.3", "p.3\p.3.vcxproj", "{BE8265F6-A69C-42FD-8979-844B49A66A90}"
EndProject
Global
	GlobalSection(SolutionConfigurationPlatforms) = preSolution
		Debug|x64 = Debug|x64
		Debug|x86 = Debug|x86
		Release|x64 = Release|x64
		Release|x86 = Release|x86
	EndGlobalSection
	GlobalSection(ProjectConfigurationPlatforms) = postSolution
		{BE8265F6-A69C-42FD-8979-844B49A66A90}.Debug|x64.ActiveCfg = Debug|x64
		{BE8265F6-A69C-42FD-8979-844B49A66A90}.Debug|x64.Build.0 = Debug|x64
		{BE8265F6-A69C-42FD-8979-844B49A66A90}.Debug|x86.ActiveCfg = Debug|Win32
		{BE8265F6-A69C-42FD-8979-844B49A66A90}.Debug|x86.Build.0 = Debug|Win32
		{BE8265F6-A69C-42FD-8979-844B49A66A90}.Release|x64.ActiveCfg = Release|x64
		{BE8265F6-A69C-42FD-8979-844B49A66A90}.Release|x64.Build.0 = Release|x64
		{BE8265F6-A69C-42FD-8979-844B49A66A90}.Release|x86.ActiveCfg = Release|Win32
		{BE8265F6-A69C-42FD-8979-844B49A66A90}.Release|x86.Build.0 = Release|Win32
	EndGlobalSection
	GlobalSection(SolutionProperties) = preSolution
		HideSolutionNode = FALSE
	EndGlobalSection
	GlobalSection(ExtensibilityGlobals) = postSolution
		SolutionGuid = {D2F3377D-6E6D-44DA-843F-55EABE0EB7D7}
	EndGlobalSection
EndGlobal
